
Microsoft Visual Studio Solution File, Format Version 12.00
# Visual Studio 14
VisualStudioVersion = 14.0.25420.1
MinimumVisualStudioVersion = 10.0.40219.1
Project("{FAE04EC0-301F-11D3-BF4B-00C04F79EFBC}") = "QuoteChainOfResposibility", "ConsoleApplication\QuoteChainOfResposibility.csproj", "{D0123613-2C4B-4100-BC3E-0192F19B9CA5}"
EndProject
Project("{FAE04EC0-301F-11D3-BF4B-00C04F79EFBC}") = "All.About.Structure.Map", "All.About.Structure.Map\All.About.Structure.Map.csproj", "{FBB68AA5-95B0-407F-BD50-AD6C32F646F0}"
EndProject
Global
	GlobalSection(SolutionConfigurationPlatforms) = preSolution
		Debug|Any CPU = Debug|Any CPU
		Release|Any CPU = Release|Any CPU
	EndGlobalSection
	GlobalSection(ProjectConfigurationPlatforms) = postSolution
		{D0123613-2C4B-4100-BC3E-0192F19B9CA5}.Debug|Any CPU.ActiveCfg = Debug|Any CPU
		{D0123613-2C4B-4100-BC3E-0192F19B9CA5}.Debug|Any CPU.Build.0 = Debug|Any CPU
		{D0123613-2C4B-4100-BC3E-0192F19B9CA5}.Release|Any CPU.ActiveCfg = Release|Any CPU
		{D0123613-2C4B-4100-BC3E-0192F19B9CA5}.Release|Any CPU.Build.0 = Release|Any CPU
		{FBB68AA5-95B0-407F-BD50-AD6C32F646F0}.Debug|Any CPU.ActiveCfg = Debug|Any CPU
		{FBB68AA5-95B0-407F-BD50-AD6C32F646F0}.Debug|Any CPU.Build.0 = Debug|Any CPU
		{FBB68AA5-95B0-407F-BD50-AD6C32F646F0}.Release|Any CPU.ActiveCfg = Release|Any CPU
		{FBB68AA5-95B0-407F-BD50-AD6C32F646F0}.Release|Any CPU.Build.0 = Release|Any CPU
	EndGlobalSection
	GlobalSection(SolutionProperties) = preSolution
		HideSolutionNode = FALSE
	EndGlobalSection
EndGlobal
